
Microsoft Visual Studio Solution File, Format Version 12.00
# Visual Studio Version 17
VisualStudioVersion = 17.14.36623.8 d17.14
MinimumVisualStudioVersion = 10.0.40219.1
Project("{FAE04EC0-301F-11D3-BF4B-00C04F79EFBC}") = "buy-list", "buy-list\buy-list.csproj", "{55D6B43D-B032-4B1D-82C5-3F76CFFB033B}"
EndProject
Global
	GlobalSection(SolutionConfigurationPlatforms) = preSolution
		Debug|Any CPU = Debug|Any CPU
		Release|Any CPU = Release|Any CPU
	EndGlobalSection
	GlobalSection(ProjectConfigurationPlatforms) = postSolution
		{55D6B43D-B032-4B1D-82C5-3F76CFFB033B}.Debug|Any CPU.ActiveCfg = Debug|Any CPU
		{55D6B43D-B032-4B1D-82C5-3F76CFFB033B}.Debug|Any CPU.Build.0 = Debug|Any CPU
		{55D6B43D-B032-4B1D-82C5-3F76CFFB033B}.Release|Any CPU.ActiveCfg = Release|Any CPU
		{55D6B43D-B032-4B1D-82C5-3F76CFFB033B}.Release|Any CPU.Build.0 = Release|Any CPU
	EndGlobalSection
	GlobalSection(SolutionProperties) = preSolution
		HideSolutionNode = FALSE
	EndGlobalSection
	GlobalSection(ExtensibilityGlobals) = postSolution
		SolutionGuid = {B1D6CD73-C01C-4EA8-BC2E-94E4F115A783}
	EndGlobalSection
EndGlobal
