
Microsoft Visual Studio Solution File, Format Version 12.00
# Visual Studio Version 17
VisualStudioVersion = 17.14.36511.14 d17.14
MinimumVisualStudioVersion = 10.0.40219.1
Project("{FAE04EC0-301F-11D3-BF4B-00C04F79EFBC}") = "PR4", "PR4\PR4.csproj", "{C810FBD2-B877-4F4A-A733-5B0F9B1724C5}"
EndProject
Global
	GlobalSection(SolutionConfigurationPlatforms) = preSolution
		Debug|Any CPU = Debug|Any CPU
		Release|Any CPU = Release|Any CPU
	EndGlobalSection
	GlobalSection(ProjectConfigurationPlatforms) = postSolution
		{C810FBD2-B877-4F4A-A733-5B0F9B1724C5}.Debug|Any CPU.ActiveCfg = Debug|Any CPU
		{C810FBD2-B877-4F4A-A733-5B0F9B1724C5}.Debug|Any CPU.Build.0 = Debug|Any CPU
		{C810FBD2-B877-4F4A-A733-5B0F9B1724C5}.Release|Any CPU.ActiveCfg = Release|Any CPU
		{C810FBD2-B877-4F4A-A733-5B0F9B1724C5}.Release|Any CPU.Build.0 = Release|Any CPU
	EndGlobalSection
	GlobalSection(SolutionProperties) = preSolution
		HideSolutionNode = FALSE
	EndGlobalSection
	GlobalSection(ExtensibilityGlobals) = postSolution
		SolutionGuid = {4BD86FF6-A250-4B87-AAD9-5414E0AEBE36}
	EndGlobalSection
EndGlobal
