
Microsoft Visual Studio Solution File, Format Version 12.00
# Visual Studio Version 17
VisualStudioVersion = 17.14.36511.14 d17.14
MinimumVisualStudioVersion = 10.0.40219.1
Project("{FAE04EC0-301F-11D3-BF4B-00C04F79EFBC}") = "MyFirstWPF", "MyFirstWPF\MyFirstWPF.csproj", "{83092344-CFD4-4E52-8E27-6596ADBAD4FC}"
EndProject
Global
	GlobalSection(SolutionConfigurationPlatforms) = preSolution
		Debug|Any CPU = Debug|Any CPU
		Release|Any CPU = Release|Any CPU
	EndGlobalSection
	GlobalSection(ProjectConfigurationPlatforms) = postSolution
		{83092344-CFD4-4E52-8E27-6596ADBAD4FC}.Debug|Any CPU.ActiveCfg = Debug|Any CPU
		{83092344-CFD4-4E52-8E27-6596ADBAD4FC}.Debug|Any CPU.Build.0 = Debug|Any CPU
		{83092344-CFD4-4E52-8E27-6596ADBAD4FC}.Release|Any CPU.ActiveCfg = Release|Any CPU
		{83092344-CFD4-4E52-8E27-6596ADBAD4FC}.Release|Any CPU.Build.0 = Release|Any CPU
	EndGlobalSection
	GlobalSection(SolutionProperties) = preSolution
		HideSolutionNode = FALSE
	EndGlobalSection
	GlobalSection(ExtensibilityGlobals) = postSolution
		SolutionGuid = {F5B381A2-BB34-4988-B234-7A486EA83AC5}
	EndGlobalSection
EndGlobal
