Microsoft Visual Studio Solution File, Format Version 12.00
# Visual Studio Version 17
VisualStudioVersion = 17.5.2.0
MinimumVisualStudioVersion = 10.0.40219.1
Project("{FAE04EC0-301F-11D3-BF4B-00C04F79EFBC}") = "Troll b", "Troll b.csproj", "{45A2D278-4F05-FBD2-F39A-257A5C48FA0B}"
EndProject
Global
	GlobalSection(SolutionConfigurationPlatforms) = preSolution
		Debug|Any CPU = Debug|Any CPU
		Release|Any CPU = Release|Any CPU
	EndGlobalSection
	GlobalSection(ProjectConfigurationPlatforms) = postSolution
		{45A2D278-4F05-FBD2-F39A-257A5C48FA0B}.Debug|Any CPU.ActiveCfg = Debug|Any CPU
		{45A2D278-4F05-FBD2-F39A-257A5C48FA0B}.Debug|Any CPU.Build.0 = Debug|Any CPU
		{45A2D278-4F05-FBD2-F39A-257A5C48FA0B}.Release|Any CPU.ActiveCfg = Release|Any CPU
		{45A2D278-4F05-FBD2-F39A-257A5C48FA0B}.Release|Any CPU.Build.0 = Release|Any CPU
	EndGlobalSection
	GlobalSection(SolutionProperties) = preSolution
		HideSolutionNode = FALSE
	EndGlobalSection
	GlobalSection(ExtensibilityGlobals) = postSolution
		SolutionGuid = {CF8769E7-44E3-4668-B791-38BCF13488A3}
	EndGlobalSection
EndGlobal
